PODS:
  - pjsip-ios (0.1.1):
    - pjsip-ios/pj
    - pjsip-ios/pj++
    - pjsip-ios/pjlib-util
    - pjsip-ios/pjmedia
    - pjsip-ios/pjmedia-audiodev
    - pjsip-ios/pjmedia-codec
    - pjsip-ios/pjmedia-videodev
    - pjsip-ios/pjnath
    - pjsip-ios/pjsip
    - pjsip-ios/pjsip-simple
    - pjsip-ios/pjsip-ua
    - pjsip-ios/pjsua-lib
    - pjsip-ios/pjsua2
  - pjsip-ios/pj (0.1.1):
    - pjsip-ios/pj/compat
  - pjsip-ios/pj++ (0.1.1)
  - pjsip-ios/pj/compat (0.1.1)
  - pjsip-ios/pjlib-util (0.1.1)
  - pjsip-ios/pjmedia (0.1.1)
  - pjsip-ios/pjmedia-audiodev (0.1.1)
  - pjsip-ios/pjmedia-codec (0.1.1)
  - pjsip-ios/pjmedia-videodev (0.1.1)
  - pjsip-ios/pjnath (0.1.1)
  - pjsip-ios/pjsip (0.1.1)
  - pjsip-ios/pjsip-simple (0.1.1)
  - pjsip-ios/pjsip-ua (0.1.1)
  - pjsip-ios/pjsua-lib (0.1.1)
  - pjsip-ios/pjsua2 (0.1.1)

DEPENDENCIES:
  - pjsip-ios (from `../`)

EXTERNAL SOURCES:
  pjsip-ios:
    :path: ../

SPEC CHECKSUMS:
  pjsip-ios: f9134798121783f17d254c0cd2b198e41e8486d6

COCOAPODS: 0.33.1
